
Microsoft Visual Studio Solution File, Format Version 12.00
# Visual Studio Version 17
VisualStudioVersion = 17.4.33110.190
MinimumVisualStudioVersion = 10.0.40219.1
Project("{2150E333-8FDC-42A3-9474-1A3956D46DE8}") = "Common.Data", "Common.Data", "{9C979A76-29BA-47B6-95EA-DC160AB82BEB}"
	ProjectSection(SolutionItems) = preProject
		Common.Data\Common.Data.EntityFramework\Common.Data.EntityFramework.bat = Common.Data\Common.Data.EntityFramework\Common.Data.EntityFramework.bat
	EndProjectSection
EndProject
Project("{2150E333-8FDC-42A3-9474-1A3956D46DE8}") = "Common.Domain", "Common.Domain", "{D95FB1CC-D87A-4C50-9426-FEA94E68DE00}"
	ProjectSection(SolutionItems) = preProject
		Common.Domain\Common.Domain.bat = Common.Domain\Common.Domain.bat
	EndProjectSection
EndProject
Project("{9A19103F-16F7-4668-BE54-9A1E7A4F7556}") = "Common.Domain", "Common.Domain\src\Common.Domain.csproj", "{B44EAEA8-81EB-4975-B6F1-8355A2DF7E14}"
EndProject
Project("{2150E333-8FDC-42A3-9474-1A3956D46DE8}") = "Nuget", "Nuget", "{0E7DC0B5-BE7D-4D43-B595-1F974B3C366E}"
	ProjectSection(SolutionItems) = preProject
		commands.json = commands.json
		nuget.config = nuget.config
	EndProjectSection
EndProject
Project("{9A19103F-16F7-4668-BE54-9A1E7A4F7556}") = "Common.Data.EntityFramework", "Common.Data\Common.Data.EntityFramework\src\Common.Data.EntityFramework.csproj", "{8EC52CF3-0923-4F09-A2FA-1418B52AD9C4}"
EndProject
Project("{9A19103F-16F7-4668-BE54-9A1E7A4F7556}") = "Common.Tests", "Common.Tests\src\Common.Tests.csproj", "{792DEB89-657A-4C9C-BE72-4A376CD4BD65}"
EndProject
Project("{2150E333-8FDC-42A3-9474-1A3956D46DE8}") = "Common.Client", "Common.Client", "{90725323-9511-4FEC-8145-B93FDA3F66BF}"
	ProjectSection(SolutionItems) = preProject
		Common.Client\Common.Client.Http\Common.Client.Http.bat = Common.Client\Common.Client.Http\Common.Client.Http.bat
	EndProjectSection
EndProject
Project("{9A19103F-16F7-4668-BE54-9A1E7A4F7556}") = "Common.Client.Http", "Common.Client\Common.Client.Http\src\Common.Client.Http.csproj", "{2BD87729-0715-42E5-BF95-109D3AF9DA70}"
EndProject
Project("{2150E333-8FDC-42A3-9474-1A3956D46DE8}") = "Common.Application", "Common.Application", "{B7D2742B-BD27-4A95-B7A0-CBEB649FFEF9}"
	ProjectSection(SolutionItems) = preProject
		Common.Application\Common.Application.bat = Common.Application\Common.Application.bat
	EndProjectSection
EndProject
Project("{2150E333-8FDC-42A3-9474-1A3956D46DE8}") = "Common.Infrastructure", "Common.Infrastructure", "{8BD0C360-B2DD-4417-A9B9-19F957FD56C4}"
	ProjectSection(SolutionItems) = preProject
		Common.Infrastructure\Infrastructure\Common.Infrastructure.bat = Common.Infrastructure\Infrastructure\Common.Infrastructure.bat
	EndProjectSection
EndProject
Project("{2150E333-8FDC-42A3-9474-1A3956D46DE8}") = "Common.Hosting", "Common.Hosting", "{B6C1B2E0-BD1A-4B82-899F-92DE0110AF51}"
	ProjectSection(SolutionItems) = preProject
		Common.Hosting\Common.Hosting.WindowsService\Common.Hosting.bat = Common.Hosting\Common.Hosting.WindowsService\Common.Hosting.bat
	EndProjectSection
EndProject
Project("{9A19103F-16F7-4668-BE54-9A1E7A4F7556}") = "Common.Hosting", "Common.Hosting\Common.Hosting.WindowsService\src\Common.Hosting.csproj", "{7B89BFB0-CF54-4C0A-8A95-BE01F25A1284}"
EndProject
Project("{2150E333-8FDC-42A3-9474-1A3956D46DE8}") = "Mapper", "Mapper", "{28179E6D-FF3E-45DE-BC24-2FEABFC80943}"
	ProjectSection(SolutionItems) = preProject
		Common.Infrastructure\Infrastructure.Mapper\Mapper.Automapper\Mapper.AutoMapper.bat = Common.Infrastructure\Infrastructure.Mapper\Mapper.Automapper\Mapper.AutoMapper.bat
	EndProjectSection
EndProject
Project("{2150E333-8FDC-42A3-9474-1A3956D46DE8}") = "Logging", "Logging", "{8468C199-D21A-45A9-9EBB-DAC2DDBFCA70}"
	ProjectSection(SolutionItems) = preProject
		Common.Infrastructure\Infrastructure.Logging\Logging.Console\Logging.Console.bat = Common.Infrastructure\Infrastructure.Logging\Logging.Console\Logging.Console.bat
		Common.Infrastructure\Infrastructure.Logging\Logging.NLog\Logging.NLog.bat = Common.Infrastructure\Infrastructure.Logging\Logging.NLog\Logging.NLog.bat
		Common.Infrastructure\Infrastructure.Logging\Logging.Serilog\Logging.Serilog.bat = Common.Infrastructure\Infrastructure.Logging\Logging.Serilog\Logging.Serilog.bat
	EndProjectSection
EndProject
Project("{9A19103F-16F7-4668-BE54-9A1E7A4F7556}") = "Logging.NLog", "Common.Infrastructure\Infrastructure.Logging\Logging.NLog\src\Logging.NLog.csproj", "{AC2EAA68-B5DA-49F7-9442-2F2E6EC3722F}"
EndProject
Project("{2150E333-8FDC-42A3-9474-1A3956D46DE8}") = "Configuration", "Configuration", "{A159BB91-5095-4DE1-BAD4-9BAB08DC3F3C}"
	ProjectSection(SolutionItems) = preProject
		Common.Infrastructure\Infrastructure.Configuration\Configuration.Json\Configuration.Json.bat = Common.Infrastructure\Infrastructure.Configuration\Configuration.Json\Configuration.Json.bat
		Common.Infrastructure\Infrastructure.Configuration\Configuration.Xml\Configuration.Xml.bat = Common.Infrastructure\Infrastructure.Configuration\Configuration.Xml\Configuration.Xml.bat
	EndProjectSection
EndProject
Project("{9A19103F-16F7-4668-BE54-9A1E7A4F7556}") = "Configuration.Json", "Common.Infrastructure\Infrastructure.Configuration\Configuration.Json\src\Configuration.Json.csproj", "{136B238C-3A0E-42B3-BA70-128EA1BBE594}"
EndProject
Project("{9A19103F-16F7-4668-BE54-9A1E7A4F7556}") = "Configuration.Xml", "Common.Infrastructure\Infrastructure.Configuration\Configuration.Xml\src\Configuration.Xml.csproj", "{210F7177-6C99-403C-AB00-7A366F3845A0}"
EndProject
Project("{9A19103F-16F7-4668-BE54-9A1E7A4F7556}") = "Common.Hosting.Test.Sample", "Common.Hosting\Common.Hosting.WindowsService\tests\Common.Hosting.Test.Sample\Common.Hosting.Test.Sample.csproj", "{593409B5-D554-4B96-AE9F-A540A848DA79}"
EndProject
Project("{9A19103F-16F7-4668-BE54-9A1E7A4F7556}") = "Common.Contract", "Common.Contract\src\Common.Contract.csproj", "{E5CEF54A-6EF8-4781-8B08-893B4FC9A038}"
EndProject
Project("{2150E333-8FDC-42A3-9474-1A3956D46DE8}") = "Notification", "Notification", "{70C12A74-204C-4C08-BF2D-632F9D53E443}"
	ProjectSection(SolutionItems) = preProject
		Common.Infrastructure\Infrastructure.Notification\Notification.Telegram\Notification.Telegram.bat = Common.Infrastructure\Infrastructure.Notification\Notification.Telegram\Notification.Telegram.bat
	EndProjectSection
EndProject
Project("{9A19103F-16F7-4668-BE54-9A1E7A4F7556}") = "Notification.Telegram", "Common.Infrastructure\Infrastructure.Notification\Notification.Telegram\src\Notification.Telegram.csproj", "{52CB2264-BCFA-45F0-8ECA-E1C5887BF83F}"
EndProject
Project("{2150E333-8FDC-42A3-9474-1A3956D46DE8}") = "Cache", "Cache", "{511287FE-5D40-4EC2-ADF5-F5DF56F2B9EB}"
	ProjectSection(SolutionItems) = preProject
		Common.Infrastructure\Infrastructure.Cache\Cache.Sql\Cache.Sql.bat = Common.Infrastructure\Infrastructure.Cache\Cache.Sql\Cache.Sql.bat
	EndProjectSection
EndProject
Project("{9A19103F-16F7-4668-BE54-9A1E7A4F7556}") = "Cache.Sql.Tests.Sample", "Common.Infrastructure\Infrastructure.Cache\Cache.Sql\tests\Cache.Sql.Tests.Sample\Cache.Sql.Tests.Sample.csproj", "{38B603A6-DCAA-4C2F-BFAC-D92E5E8BD9EF}"
EndProject
Project("{9A19103F-16F7-4668-BE54-9A1E7A4F7556}") = "Cache.Sql.Tests", "Common.Infrastructure\Infrastructure.Cache\Cache.Sql\tests\Cache.Sql.Tests\Cache.Sql.Tests.csproj", "{522393EC-2D3B-49CC-86D9-2DF44D048A56}"
EndProject
Project("{9A19103F-16F7-4668-BE54-9A1E7A4F7556}") = "Common.Domain.Tests", "Common.Domain\tests\Common.Domain.Tests\Common.Domain.Tests.csproj", "{F46ECE8C-E6FA-418C-B187-62823F9FD42A}"
EndProject
Project("{9A19103F-16F7-4668-BE54-9A1E7A4F7556}") = "Cache.Common", "Common.Infrastructure\Infrastructure.Cache\Cache.Common\src\Cache.Common.csproj", "{B45D3E63-72B6-4F5E-8CF3-1BD0288070A6}"
EndProject
Project("{9A19103F-16F7-4668-BE54-9A1E7A4F7556}") = "Cache.Common.Tests", "Common.Infrastructure\Infrastructure.Cache\Cache.Common\tests\Cache.Common.Tests\Cache.Common.Tests.csproj", "{6C485A12-5D72-45F6-8BD9-AB7BCD9F4866}"
EndProject
Project("{9A19103F-16F7-4668-BE54-9A1E7A4F7556}") = "Cache.Sql", "Common.Infrastructure\Infrastructure.Cache\Cache.Sql\src\Cache.Sql.csproj", "{813247BA-157D-46F3-AF5F-938C01CD4DB0}"
EndProject
Project("{9A19103F-16F7-4668-BE54-9A1E7A4F7556}") = "Logging.Console", "Common.Infrastructure\Infrastructure.Logging\Logging.Console\src\Logging.Console.csproj", "{89BE303D-B343-46A3-9B0A-BB3B6881F076}"
EndProject
Project("{9A19103F-16F7-4668-BE54-9A1E7A4F7556}") = "Common.Hosting.Test.Nuget", "Common.Hosting\Common.Hosting.WindowsService\tests\Common.Hosting.Test.Nuget\Common.Hosting.Test.Nuget.csproj", "{0B6E3AB0-9CFA-4F30-81C1-3F75838CE969}"
EndProject
Project("{9A19103F-16F7-4668-BE54-9A1E7A4F7556}") = "Common.Hosting.Test.Nuget.Tests", "Common.Hosting\Common.Hosting.WindowsService\tests\Common.Hostring.Test.Nuget.Tests\Common.Hosting.Test.Nuget.Tests.csproj", "{ECB06002-BA9D-4DCE-A23C-16E8F15B7E78}"
EndProject
Project("{9A19103F-16F7-4668-BE54-9A1E7A4F7556}") = "Common.Domain.EF.Integration", "Common.Domain\tests\Domain.EF.IntegrationTests\Common.Domain.EF.Integration.csproj", "{2DD23C53-BB93-4EC9-AF90-FCE7CF34EAA9}"
EndProject
Project("{9A19103F-16F7-4668-BE54-9A1E7A4F7556}") = "Common.Data.EntityFramework.Tests", "Common.Data\Common.Data.EntityFramework\tests\EntityFramework.Tests\Common.Data.EntityFramework.Tests.csproj", "{DC6D0B01-49C3-4A53-9C45-27B238CAB096}"
EndProject
Project("{9A19103F-16F7-4668-BE54-9A1E7A4F7556}") = "Common.Application", "Common.Application\src\Application\Common.Application.csproj", "{D2C33609-E462-4042-B60C-5E20EF194361}"
EndProject
Project("{9A19103F-16F7-4668-BE54-9A1E7A4F7556}") = "Common.Application.Aws", "Common.Application\src\Common.Application.Aws\Common.Application.Aws\Common.Application.Aws.csproj", "{15D90054-2D66-4C56-A1A3-2A7344A908E8}"
EndProject
Project("{2150E333-8FDC-42A3-9474-1A3956D46DE8}") = "Serializer", "Serializer", "{7917750A-27DB-4DB4-8EB6-14CAAB1C7A00}"
EndProject
Project("{9A19103F-16F7-4668-BE54-9A1E7A4F7556}") = "Serializer.Json", "Common.Infrastructure\Infrastructure.Serializer\src\Serializer.Json\Serializer.Json.csproj", "{7D1E884B-832F-494D-8B81-BFD9CB2A32B4}"
EndProject
Project("{9A19103F-16F7-4668-BE54-9A1E7A4F7556}") = "Common.Client.Http.Tests", "Common.Client\Common.Client.Http\tests\Common.Client.Http.Tests\Common.Client.Http.Tests.csproj", "{4B1C9025-CC18-44BB-ACB7-686D011F58A6}"
EndProject
Project("{2150E333-8FDC-42A3-9474-1A3956D46DE8}") = "Solution Items", "Solution Items", "{3DAF88FB-7C92-4B8C-8E47-A79D40F91B63}"
	ProjectSection(SolutionItems) = preProject
		.editorconfig = .editorconfig
	EndProjectSection
EndProject
Project("{9A19103F-16F7-4668-BE54-9A1E7A4F7556}") = "Common.Data.EntityFramework.Integration", "Common.Data\Common.Data.EntityFramework\tests\Common.Data.EntityFramework.Integration\Common.Data.EntityFramework.Integration.csproj", "{09427732-2B08-4DDD-AF60-ED27A817419B}"
EndProject
Project("{9A19103F-16F7-4668-BE54-9A1E7A4F7556}") = "Logging.Serilog", "Common.Infrastructure\Infrastructure.Logging\Logging.Serilog\src\Logging.Serilog.csproj", "{C603DAE8-89E5-4E41-8C93-FF1B3DF8B4D8}"
EndProject
Project("{9A19103F-16F7-4668-BE54-9A1E7A4F7556}") = "Mapper.AutoMapper", "Common.Infrastructure\Infrastructure.Mapper\Mapper.AutoMapper\src\Mapper.AutoMapper.csproj", "{284FFCFD-65E8-4327-AC09-8F43047D33A7}"
EndProject
Project("{9A19103F-16F7-4668-BE54-9A1E7A4F7556}") = "Common.Infrastructure", "Common.Infrastructure\Infrastructure\src\Common.Infrastructure.csproj", "{AC718818-18A5-456C-B465-C67335793C52}"
EndProject
Global
	GlobalSection(SolutionConfigurationPlatforms) = preSolution
		Debug|Any CPU = Debug|Any CPU
		Release|Any CPU = Release|Any CPU
	EndGlobalSection
	GlobalSection(ProjectConfigurationPlatforms) = postSolution
		{B44EAEA8-81EB-4975-B6F1-8355A2DF7E14}.Debug|Any CPU.ActiveCfg = Debug|Any CPU
		{B44EAEA8-81EB-4975-B6F1-8355A2DF7E14}.Debug|Any CPU.Build.0 = Debug|Any CPU
		{B44EAEA8-81EB-4975-B6F1-8355A2DF7E14}.Release|Any CPU.ActiveCfg = Release|Any CPU
		{B44EAEA8-81EB-4975-B6F1-8355A2DF7E14}.Release|Any CPU.Build.0 = Release|Any CPU
		{8EC52CF3-0923-4F09-A2FA-1418B52AD9C4}.Debug|Any CPU.ActiveCfg = Debug|Any CPU
		{8EC52CF3-0923-4F09-A2FA-1418B52AD9C4}.Debug|Any CPU.Build.0 = Debug|Any CPU
		{8EC52CF3-0923-4F09-A2FA-1418B52AD9C4}.Release|Any CPU.ActiveCfg = Release|Any CPU
		{8EC52CF3-0923-4F09-A2FA-1418B52AD9C4}.Release|Any CPU.Build.0 = Release|Any CPU
		{792DEB89-657A-4C9C-BE72-4A376CD4BD65}.Debug|Any CPU.ActiveCfg = Debug|Any CPU
		{792DEB89-657A-4C9C-BE72-4A376CD4BD65}.Debug|Any CPU.Build.0 = Debug|Any CPU
		{792DEB89-657A-4C9C-BE72-4A376CD4BD65}.Release|Any CPU.ActiveCfg = Release|Any CPU
		{792DEB89-657A-4C9C-BE72-4A376CD4BD65}.Release|Any CPU.Build.0 = Release|Any CPU
		{2BD87729-0715-42E5-BF95-109D3AF9DA70}.Debug|Any CPU.ActiveCfg = Debug|Any CPU
		{2BD87729-0715-42E5-BF95-109D3AF9DA70}.Debug|Any CPU.Build.0 = Debug|Any CPU
		{2BD87729-0715-42E5-BF95-109D3AF9DA70}.Release|Any CPU.ActiveCfg = Release|Any CPU
		{2BD87729-0715-42E5-BF95-109D3AF9DA70}.Release|Any CPU.Build.0 = Release|Any CPU
		{7B89BFB0-CF54-4C0A-8A95-BE01F25A1284}.Debug|Any CPU.ActiveCfg = Debug|Any CPU
		{7B89BFB0-CF54-4C0A-8A95-BE01F25A1284}.Debug|Any CPU.Build.0 = Debug|Any CPU
		{7B89BFB0-CF54-4C0A-8A95-BE01F25A1284}.Release|Any CPU.ActiveCfg = Release|Any CPU
		{7B89BFB0-CF54-4C0A-8A95-BE01F25A1284}.Release|Any CPU.Build.0 = Release|Any CPU
		{AC2EAA68-B5DA-49F7-9442-2F2E6EC3722F}.Debug|Any CPU.ActiveCfg = Debug|Any CPU
		{AC2EAA68-B5DA-49F7-9442-2F2E6EC3722F}.Debug|Any CPU.Build.0 = Debug|Any CPU
		{AC2EAA68-B5DA-49F7-9442-2F2E6EC3722F}.Release|Any CPU.ActiveCfg = Release|Any CPU
		{AC2EAA68-B5DA-49F7-9442-2F2E6EC3722F}.Release|Any CPU.Build.0 = Release|Any CPU
		{136B238C-3A0E-42B3-BA70-128EA1BBE594}.Debug|Any CPU.ActiveCfg = Debug|Any CPU
		{136B238C-3A0E-42B3-BA70-128EA1BBE594}.Debug|Any CPU.Build.0 = Debug|Any CPU
		{136B238C-3A0E-42B3-BA70-128EA1BBE594}.Release|Any CPU.ActiveCfg = Release|Any CPU
		{136B238C-3A0E-42B3-BA70-128EA1BBE594}.Release|Any CPU.Build.0 = Release|Any CPU
		{210F7177-6C99-403C-AB00-7A366F3845A0}.Debug|Any CPU.ActiveCfg = Debug|Any CPU
		{210F7177-6C99-403C-AB00-7A366F3845A0}.Debug|Any CPU.Build.0 = Debug|Any CPU
		{210F7177-6C99-403C-AB00-7A366F3845A0}.Release|Any CPU.ActiveCfg = Release|Any CPU
		{210F7177-6C99-403C-AB00-7A366F3845A0}.Release|Any CPU.Build.0 = Release|Any CPU
		{593409B5-D554-4B96-AE9F-A540A848DA79}.Debug|Any CPU.ActiveCfg = Debug|Any CPU
		{593409B5-D554-4B96-AE9F-A540A848DA79}.Debug|Any CPU.Build.0 = Debug|Any CPU
		{593409B5-D554-4B96-AE9F-A540A848DA79}.Release|Any CPU.ActiveCfg = Release|Any CPU
		{593409B5-D554-4B96-AE9F-A540A848DA79}.Release|Any CPU.Build.0 = Release|Any CPU
		{E5CEF54A-6EF8-4781-8B08-893B4FC9A038}.Debug|Any CPU.ActiveCfg = Debug|Any CPU
		{E5CEF54A-6EF8-4781-8B08-893B4FC9A038}.Debug|Any CPU.Build.0 = Debug|Any CPU
		{E5CEF54A-6EF8-4781-8B08-893B4FC9A038}.Release|Any CPU.ActiveCfg = Release|Any CPU
		{E5CEF54A-6EF8-4781-8B08-893B4FC9A038}.Release|Any CPU.Build.0 = Release|Any CPU
		{52CB2264-BCFA-45F0-8ECA-E1C5887BF83F}.Debug|Any CPU.ActiveCfg = Debug|Any CPU
		{52CB2264-BCFA-45F0-8ECA-E1C5887BF83F}.Debug|Any CPU.Build.0 = Debug|Any CPU
		{52CB2264-BCFA-45F0-8ECA-E1C5887BF83F}.Release|Any CPU.ActiveCfg = Release|Any CPU
		{52CB2264-BCFA-45F0-8ECA-E1C5887BF83F}.Release|Any CPU.Build.0 = Release|Any CPU
		{38B603A6-DCAA-4C2F-BFAC-D92E5E8BD9EF}.Debug|Any CPU.ActiveCfg = Debug|Any CPU
		{38B603A6-DCAA-4C2F-BFAC-D92E5E8BD9EF}.Debug|Any CPU.Build.0 = Debug|Any CPU
		{38B603A6-DCAA-4C2F-BFAC-D92E5E8BD9EF}.Release|Any CPU.ActiveCfg = Release|Any CPU
		{38B603A6-DCAA-4C2F-BFAC-D92E5E8BD9EF}.Release|Any CPU.Build.0 = Release|Any CPU
		{522393EC-2D3B-49CC-86D9-2DF44D048A56}.Debug|Any CPU.ActiveCfg = Debug|Any CPU
		{522393EC-2D3B-49CC-86D9-2DF44D048A56}.Debug|Any CPU.Build.0 = Debug|Any CPU
		{522393EC-2D3B-49CC-86D9-2DF44D048A56}.Release|Any CPU.ActiveCfg = Release|Any CPU
		{522393EC-2D3B-49CC-86D9-2DF44D048A56}.Release|Any CPU.Build.0 = Release|Any CPU
		{F46ECE8C-E6FA-418C-B187-62823F9FD42A}.Debug|Any CPU.ActiveCfg = Debug|Any CPU
		{F46ECE8C-E6FA-418C-B187-62823F9FD42A}.Debug|Any CPU.Build.0 = Debug|Any CPU
		{F46ECE8C-E6FA-418C-B187-62823F9FD42A}.Release|Any CPU.ActiveCfg = Release|Any CPU
		{F46ECE8C-E6FA-418C-B187-62823F9FD42A}.Release|Any CPU.Build.0 = Release|Any CPU
		{B45D3E63-72B6-4F5E-8CF3-1BD0288070A6}.Debug|Any CPU.ActiveCfg = Debug|Any CPU
		{B45D3E63-72B6-4F5E-8CF3-1BD0288070A6}.Debug|Any CPU.Build.0 = Debug|Any CPU
		{B45D3E63-72B6-4F5E-8CF3-1BD0288070A6}.Release|Any CPU.ActiveCfg = Release|Any CPU
		{B45D3E63-72B6-4F5E-8CF3-1BD0288070A6}.Release|Any CPU.Build.0 = Release|Any CPU
		{6C485A12-5D72-45F6-8BD9-AB7BCD9F4866}.Debug|Any CPU.ActiveCfg = Debug|Any CPU
		{6C485A12-5D72-45F6-8BD9-AB7BCD9F4866}.Debug|Any CPU.Build.0 = Debug|Any CPU
		{6C485A12-5D72-45F6-8BD9-AB7BCD9F4866}.Release|Any CPU.ActiveCfg = Release|Any CPU
		{6C485A12-5D72-45F6-8BD9-AB7BCD9F4866}.Release|Any CPU.Build.0 = Release|Any CPU
		{813247BA-157D-46F3-AF5F-938C01CD4DB0}.Debug|Any CPU.ActiveCfg = Debug|Any CPU
		{813247BA-157D-46F3-AF5F-938C01CD4DB0}.Debug|Any CPU.Build.0 = Debug|Any CPU
		{813247BA-157D-46F3-AF5F-938C01CD4DB0}.Release|Any CPU.ActiveCfg = Release|Any CPU
		{813247BA-157D-46F3-AF5F-938C01CD4DB0}.Release|Any CPU.Build.0 = Release|Any CPU
		{89BE303D-B343-46A3-9B0A-BB3B6881F076}.Debug|Any CPU.ActiveCfg = Debug|Any CPU
		{89BE303D-B343-46A3-9B0A-BB3B6881F076}.Debug|Any CPU.Build.0 = Debug|Any CPU
		{89BE303D-B343-46A3-9B0A-BB3B6881F076}.Release|Any CPU.ActiveCfg = Release|Any CPU
		{89BE303D-B343-46A3-9B0A-BB3B6881F076}.Release|Any CPU.Build.0 = Release|Any CPU
		{0B6E3AB0-9CFA-4F30-81C1-3F75838CE969}.Debug|Any CPU.ActiveCfg = Debug|Any CPU
		{0B6E3AB0-9CFA-4F30-81C1-3F75838CE969}.Debug|Any CPU.Build.0 = Debug|Any CPU
		{0B6E3AB0-9CFA-4F30-81C1-3F75838CE969}.Release|Any CPU.ActiveCfg = Release|Any CPU
		{0B6E3AB0-9CFA-4F30-81C1-3F75838CE969}.Release|Any CPU.Build.0 = Release|Any CPU
		{ECB06002-BA9D-4DCE-A23C-16E8F15B7E78}.Debug|Any CPU.ActiveCfg = Debug|Any CPU
		{ECB06002-BA9D-4DCE-A23C-16E8F15B7E78}.Debug|Any CPU.Build.0 = Debug|Any CPU
		{ECB06002-BA9D-4DCE-A23C-16E8F15B7E78}.Release|Any CPU.ActiveCfg = Release|Any CPU
		{ECB06002-BA9D-4DCE-A23C-16E8F15B7E78}.Release|Any CPU.Build.0 = Release|Any CPU
		{2DD23C53-BB93-4EC9-AF90-FCE7CF34EAA9}.Debug|Any CPU.ActiveCfg = Debug|Any CPU
		{2DD23C53-BB93-4EC9-AF90-FCE7CF34EAA9}.Debug|Any CPU.Build.0 = Debug|Any CPU
		{2DD23C53-BB93-4EC9-AF90-FCE7CF34EAA9}.Release|Any CPU.ActiveCfg = Release|Any CPU
		{2DD23C53-BB93-4EC9-AF90-FCE7CF34EAA9}.Release|Any CPU.Build.0 = Release|Any CPU
		{DC6D0B01-49C3-4A53-9C45-27B238CAB096}.Debug|Any CPU.ActiveCfg = Debug|Any CPU
		{DC6D0B01-49C3-4A53-9C45-27B238CAB096}.Debug|Any CPU.Build.0 = Debug|Any CPU
		{DC6D0B01-49C3-4A53-9C45-27B238CAB096}.Release|Any CPU.ActiveCfg = Release|Any CPU
		{DC6D0B01-49C3-4A53-9C45-27B238CAB096}.Release|Any CPU.Build.0 = Release|Any CPU
		{D2C33609-E462-4042-B60C-5E20EF194361}.Debug|Any CPU.ActiveCfg = Debug|Any CPU
		{D2C33609-E462-4042-B60C-5E20EF194361}.Debug|Any CPU.Build.0 = Debug|Any CPU
		{D2C33609-E462-4042-B60C-5E20EF194361}.Release|Any CPU.ActiveCfg = Release|Any CPU
		{D2C33609-E462-4042-B60C-5E20EF194361}.Release|Any CPU.Build.0 = Release|Any CPU
		{15D90054-2D66-4C56-A1A3-2A7344A908E8}.Debug|Any CPU.ActiveCfg = Debug|Any CPU
		{15D90054-2D66-4C56-A1A3-2A7344A908E8}.Debug|Any CPU.Build.0 = Debug|Any CPU
		{15D90054-2D66-4C56-A1A3-2A7344A908E8}.Release|Any CPU.ActiveCfg = Release|Any CPU
		{15D90054-2D66-4C56-A1A3-2A7344A908E8}.Release|Any CPU.Build.0 = Release|Any CPU
		{7D1E884B-832F-494D-8B81-BFD9CB2A32B4}.Debug|Any CPU.ActiveCfg = Debug|Any CPU
		{7D1E884B-832F-494D-8B81-BFD9CB2A32B4}.Debug|Any CPU.Build.0 = Debug|Any CPU
		{7D1E884B-832F-494D-8B81-BFD9CB2A32B4}.Release|Any CPU.ActiveCfg = Release|Any CPU
		{7D1E884B-832F-494D-8B81-BFD9CB2A32B4}.Release|Any CPU.Build.0 = Release|Any CPU
		{4B1C9025-CC18-44BB-ACB7-686D011F58A6}.Debug|Any CPU.ActiveCfg = Debug|Any CPU
		{4B1C9025-CC18-44BB-ACB7-686D011F58A6}.Debug|Any CPU.Build.0 = Debug|Any CPU
		{4B1C9025-CC18-44BB-ACB7-686D011F58A6}.Release|Any CPU.ActiveCfg = Release|Any CPU
		{4B1C9025-CC18-44BB-ACB7-686D011F58A6}.Release|Any CPU.Build.0 = Release|Any CPU
		{09427732-2B08-4DDD-AF60-ED27A817419B}.Debug|Any CPU.ActiveCfg = Debug|Any CPU
		{09427732-2B08-4DDD-AF60-ED27A817419B}.Debug|Any CPU.Build.0 = Debug|Any CPU
		{09427732-2B08-4DDD-AF60-ED27A817419B}.Release|Any CPU.ActiveCfg = Release|Any CPU
		{09427732-2B08-4DDD-AF60-ED27A817419B}.Release|Any CPU.Build.0 = Release|Any CPU
		{C603DAE8-89E5-4E41-8C93-FF1B3DF8B4D8}.Debug|Any CPU.ActiveCfg = Debug|Any CPU
		{C603DAE8-89E5-4E41-8C93-FF1B3DF8B4D8}.Debug|Any CPU.Build.0 = Debug|Any CPU
		{C603DAE8-89E5-4E41-8C93-FF1B3DF8B4D8}.Release|Any CPU.ActiveCfg = Release|Any CPU
		{C603DAE8-89E5-4E41-8C93-FF1B3DF8B4D8}.Release|Any CPU.Build.0 = Release|Any CPU
		{284FFCFD-65E8-4327-AC09-8F43047D33A7}.Debug|Any CPU.ActiveCfg = Debug|Any CPU
		{284FFCFD-65E8-4327-AC09-8F43047D33A7}.Debug|Any CPU.Build.0 = Debug|Any CPU
		{284FFCFD-65E8-4327-AC09-8F43047D33A7}.Release|Any CPU.ActiveCfg = Release|Any CPU
		{284FFCFD-65E8-4327-AC09-8F43047D33A7}.Release|Any CPU.Build.0 = Release|Any CPU
		{AC718818-18A5-456C-B465-C67335793C52}.Debug|Any CPU.ActiveCfg = Debug|Any CPU
		{AC718818-18A5-456C-B465-C67335793C52}.Debug|Any CPU.Build.0 = Debug|Any CPU
		{AC718818-18A5-456C-B465-C67335793C52}.Release|Any CPU.ActiveCfg = Release|Any CPU
		{AC718818-18A5-456C-B465-C67335793C52}.Release|Any CPU.Build.0 = Release|Any CPU
	EndGlobalSection
	GlobalSection(SolutionProperties) = preSolution
		HideSolutionNode = FALSE
	EndGlobalSection
	GlobalSection(NestedProjects) = preSolution
		{B44EAEA8-81EB-4975-B6F1-8355A2DF7E14} = {D95FB1CC-D87A-4C50-9426-FEA94E68DE00}
		{8EC52CF3-0923-4F09-A2FA-1418B52AD9C4} = {9C979A76-29BA-47B6-95EA-DC160AB82BEB}
		{2BD87729-0715-42E5-BF95-109D3AF9DA70} = {90725323-9511-4FEC-8145-B93FDA3F66BF}
		{7B89BFB0-CF54-4C0A-8A95-BE01F25A1284} = {B6C1B2E0-BD1A-4B82-899F-92DE0110AF51}
		{28179E6D-FF3E-45DE-BC24-2FEABFC80943} = {8BD0C360-B2DD-4417-A9B9-19F957FD56C4}
		{8468C199-D21A-45A9-9EBB-DAC2DDBFCA70} = {8BD0C360-B2DD-4417-A9B9-19F957FD56C4}
		{AC2EAA68-B5DA-49F7-9442-2F2E6EC3722F} = {8468C199-D21A-45A9-9EBB-DAC2DDBFCA70}
		{A159BB91-5095-4DE1-BAD4-9BAB08DC3F3C} = {8BD0C360-B2DD-4417-A9B9-19F957FD56C4}
		{136B238C-3A0E-42B3-BA70-128EA1BBE594} = {A159BB91-5095-4DE1-BAD4-9BAB08DC3F3C}
		{210F7177-6C99-403C-AB00-7A366F3845A0} = {A159BB91-5095-4DE1-BAD4-9BAB08DC3F3C}
		{593409B5-D554-4B96-AE9F-A540A848DA79} = {B6C1B2E0-BD1A-4B82-899F-92DE0110AF51}
		{70C12A74-204C-4C08-BF2D-632F9D53E443} = {8BD0C360-B2DD-4417-A9B9-19F957FD56C4}
		{52CB2264-BCFA-45F0-8ECA-E1C5887BF83F} = {70C12A74-204C-4C08-BF2D-632F9D53E443}
		{511287FE-5D40-4EC2-ADF5-F5DF56F2B9EB} = {8BD0C360-B2DD-4417-A9B9-19F957FD56C4}
		{38B603A6-DCAA-4C2F-BFAC-D92E5E8BD9EF} = {511287FE-5D40-4EC2-ADF5-F5DF56F2B9EB}
		{522393EC-2D3B-49CC-86D9-2DF44D048A56} = {511287FE-5D40-4EC2-ADF5-F5DF56F2B9EB}
		{F46ECE8C-E6FA-418C-B187-62823F9FD42A} = {D95FB1CC-D87A-4C50-9426-FEA94E68DE00}
		{B45D3E63-72B6-4F5E-8CF3-1BD0288070A6} = {511287FE-5D40-4EC2-ADF5-F5DF56F2B9EB}
		{6C485A12-5D72-45F6-8BD9-AB7BCD9F4866} = {511287FE-5D40-4EC2-ADF5-F5DF56F2B9EB}
		{813247BA-157D-46F3-AF5F-938C01CD4DB0} = {511287FE-5D40-4EC2-ADF5-F5DF56F2B9EB}
		{89BE303D-B343-46A3-9B0A-BB3B6881F076} = {8468C199-D21A-45A9-9EBB-DAC2DDBFCA70}
		{0B6E3AB0-9CFA-4F30-81C1-3F75838CE969} = {B6C1B2E0-BD1A-4B82-899F-92DE0110AF51}
		{ECB06002-BA9D-4DCE-A23C-16E8F15B7E78} = {B6C1B2E0-BD1A-4B82-899F-92DE0110AF51}
		{2DD23C53-BB93-4EC9-AF90-FCE7CF34EAA9} = {D95FB1CC-D87A-4C50-9426-FEA94E68DE00}
		{DC6D0B01-49C3-4A53-9C45-27B238CAB096} = {9C979A76-29BA-47B6-95EA-DC160AB82BEB}
		{D2C33609-E462-4042-B60C-5E20EF194361} = {B7D2742B-BD27-4A95-B7A0-CBEB649FFEF9}
		{15D90054-2D66-4C56-A1A3-2A7344A908E8} = {B7D2742B-BD27-4A95-B7A0-CBEB649FFEF9}
		{7917750A-27DB-4DB4-8EB6-14CAAB1C7A00} = {8BD0C360-B2DD-4417-A9B9-19F957FD56C4}
		{7D1E884B-832F-494D-8B81-BFD9CB2A32B4} = {7917750A-27DB-4DB4-8EB6-14CAAB1C7A00}
		{4B1C9025-CC18-44BB-ACB7-686D011F58A6} = {90725323-9511-4FEC-8145-B93FDA3F66BF}
		{09427732-2B08-4DDD-AF60-ED27A817419B} = {9C979A76-29BA-47B6-95EA-DC160AB82BEB}
		{C603DAE8-89E5-4E41-8C93-FF1B3DF8B4D8} = {8468C199-D21A-45A9-9EBB-DAC2DDBFCA70}
		{284FFCFD-65E8-4327-AC09-8F43047D33A7} = {28179E6D-FF3E-45DE-BC24-2FEABFC80943}
		{AC718818-18A5-456C-B465-C67335793C52} = {8BD0C360-B2DD-4417-A9B9-19F957FD56C4}
	EndGlobalSection
	GlobalSection(ExtensibilityGlobals) = postSolution
		SolutionGuid = {42CCA79B-48BA-4FFE-8D6B-D34A25E87A36}
	EndGlobalSection
EndGlobal
